github.com/alecthomas/kong v0.2.22 h1:lRcQYT2/yJ+coDNA5ws0mRL0pwSqjbP/6AcRkyKhomk=
github.com/alecthomas/kong v0.2.22/go.mod h1:uzxf/HUh0tj43x1AyJROl3JT7SgsZ5m+icOv1csRhc0=
github.com/alecthomas/repr v0.0.0-20210801044451-80ca428c5142 h1:8Uy0oSf5co/NZXje7U1z8Mpep++QJOldL2hs/sBQf48=
github.com/alecthomas/repr v0.0.0-20210801044451-80ca428c5142/go.mod h1:2kn6fqh/zIyPLmm3ugklbEi5hg5wS435eygvNfaDQL8=
github.com/davecgh/go-spew v1.1.0/go.mod h1:J7Y8YcW2NihsgmVo/mv3lAwl/skON4iLHjSsI+c5H38=
github.com/davecgh/go-spew v1.1.1 h1:vj9j/u1bqnvCEfJOwUhtlOARqs3+rkHYY13jYWTU97c=
github.com/davecgh/go-spew v1.1.1/go.mod h1:J7Y8YcW2NihsgmVo/mv3lAwl/skON4iLHjSsI+c5H38=
github.com/fatih/color v1.13.0 h1:8LOYc1KYPPmyKMuN8QV2DNRWNbLo6LZ0iLs8+mlH53w=
github.com/fatih/color v1.13.0/go.mod h1:kLAiJbzzSOZDVNGyDpeOxJ47H46qBXwg5ILebYFFOfk=
github.com/gomarkdown/markdown v0.0.0-20211212230626-5af6ad2f47df h1:M7mdNDTRraBcrHZg2aOYiFP9yTDajb6fquRZRpXnbVA=
github.com/gomarkdown/markdown v0.0.0-20211212230626-5af6ad2f47df/go.mod h1:JDGcbDT52eL4fju3sZ4TeHGsQwhG9nbDV21aMyhwPoA=
github.com/mattn/go-colorable v0.1.9/go.mod h1:u6P/XSegPjTcexA+o6vUJrdnUu04hMope9wVRipJSqc=
github.com/mattn/go-colorable v0.1.12 h1:jF+Du6AlPIjs2BiUiQlKOX0rt3SujHxPnksPKZbaA40=
github.com/mattn/go-colorable v0.1.12/go.mod h1:u5H1YNBxpqRaxsYJYSkiCWKzEfiAb1Gb520KVy5xxl4=
github.com/mattn/go-isatty v0.0.12/go.mod h1:cbi8OIDigv2wuxKPP5vlRcQ1OAZbq2CE4Kysco4FUpU=
github.com/mattn/go-isatty v0.0.14 h1:yVuAays6BHfxijgZPzw+3Zlu5yQgKGP2/hcQbHb7S9Y=
github.com/mattn/go-isatty v0.0.14/go.mod h1:7GGIvUiUoEMVVmxf/4nioHXj79iQHKdU27kJ6hsGG94=
github.com/pelletier/go-toml v1.9.4 h1:tjENF6MfZAg8e4ZmZTeWaWiT2vXtsoO6+iuOjFhECwM=
github.com/pelletier/go-toml v1.9.4/go.mod h1:u1nR/EPcESfeI/szUZKdtJ0xRNbUoANCkoOuaOx1Y+c=
github.com/piot/go-lsp v0.0.0-20210308100331-e96ace6e5b0d h1:XkGEb71D8DWKbgsylRj3Gc5t/aX8VBskcGIsxaQVsis=
github.com/piot/go-lsp v0.0.0-20210308100331-e96ace6e5b0d/go.mod h1:o4Pvk+69/ymRoFZnzgXIIqegHGnAguo9UZR9nJpOf+o=
github.com/piot/jsonrpc2 v0.0.0-20210220142131-b277991378fa h1:FtrijhH82PF6+ji/AMn7M1bgQjqwE9ByyODiemaDKq4=
github.com/piot/jsonrpc2 v0.0.0-20210220142131-b277991378fa/go.mod h1:s+tl/s19xr+adNH5UV+e6ULdl+HygO2nhYnFGqRZqXc=
github.com/piot/lsp-server v0.0.0-20210308100659-f6871334c685 h1:eAIZIv1yagMRbPwn8BvGp/pILZy/5uaOKfngVVIkyqU=
github.com/piot/lsp-server v0.0.0-20210308100659-f6871334c685/go.mod h1:KzCO6Ww00SfHznR/CTHjg+I34T6DvLKqyssoyt0ePrI=
github.com/piot/raff-go v0.0.0-20210107105329-efd4e0e14756 h1:uEObVi2jn/7Ki+vzbqb20JF1C06W4v2x2jYb88IHec0=
github.com/piot/raff-go v0.0.0-20210107105329-efd4e0e14756/go.mod h1:OGCWlHa0Htk9Th+hXwKCRmY5pH+I/HVANV/0dVMYLHI=
github.com/pkg/errors v0.9.1 h1:FEBLx1zS214owpjy7qsBeixbURkuhQAwrK5UwLGTwt4=
github.com/pkg/errors v0.9.1/go.mod h1:bwawxfHBFNV+L2hUp1rHADufV3IMtnDRdf1r5NINEl0=
github.com/pmezard/go-difflib v1.0.0 h1:4DBwDE0NGyQoBHbLQYPwSUPoCMWR5BEzIk/f1lZbAQM=
github.com/pmezard/go-difflib v1.0.0/go.mod h1:iKH77koFhYxTK1pcRnkKkqfTogsbg7gZNVY4sRDYZ/4=
github.com/stretchr/objx v0.1.0/go.mod h1:HFkY916IF+rwdDfMAkV7OtwuqBVzrE8GR6GFx+wExME=
github.com/stretchr/testify v1.7.0 h1:nwc3DEeHmmLAfoZucVR881uASk0Mfjw8xYJ99tb5CcY=
github.com/stretchr/testify v1.7.0/go.mod h1:6Fq8oRcR53rry900zMqJjRRixrwX3KX962/h/Wwjteg=
github.com/swamp/assembler v0.0.0-20211231212634-4156ffed0d2f h1:3XaKwCQopg7wvYC0fec4ukA2mmmhO06oDaAh2bE7trU=
github.com/swamp/assembler v0.0.0-20211231212634-4156ffed0d2f/go.mod h1:o9q73JrlTs3PS4n6bkhMLEqRkpHynnEfBAr7nGRjXSw=
github.com/swamp/disassembler v0.0.0-20211222130842-13b82baf302d h1:Sp6wHTNkmJ3bJK2JGVNh4NhmgVpz+HFqtleSW+qQTvI=
github.com/swamp/disassembler v0.0.0-20211222130842-13b82baf302d/go.mod h1:uE1fRNP7eKbZikkfCfWiWxbqG31e4XgotqTWJZsyp5Y=
github.com/swamp/opcodes v0.0.0-20211222130712-8c1d60023703/go.mod h1:m9QgadE+ACQ9mYFIuoVWX/+3Ol4ivU+Dnb/LcDtWB5w=
github.com/swamp/opcodes v0.0.0-20211231212613-990c546a8dd3 h1:joKW4siwwEJzXZXI6TJBT8VFqHSkZhKxq7A1dQgIfhM=
github.com/swamp/opcodes v0.0.0-20211231212613-990c546a8dd3/go.mod h1:m9QgadE+ACQ9mYFIuoVWX/+3Ol4ivU+Dnb/LcDtWB5w=
github.com/swamp/pack v0.0.0-20220101125357-e0d50aa34d0c h1:rpZK6bJzW5HuXzWzQZHoNAzF18F5FWNNjD442GxZtew=
github.com/swamp/pack v0.0.0-20220101125357-e0d50aa34d0c/go.mod h1:U+xUgqe0SZmldNqixR16h6gCcmR6I5msltjOCFM5f4Y=
golang.org/x/sys v0.0.0-20200116001909-b77594299b42/go.mod h1:h1NjWce9XRLGQEsW7wpKNCjG9DtNlClVuFLEZdDNbEs=
golang.org/x/sys v0.0.0-20200223170610-d5e6a3e2c0ae/go.mod h1:h1NjWce9XRLGQEsW7wpKNCjG9DtNlClVuFLEZdDNbEs=
golang.org/x/sys v0.0.0-20210630005230-0f9fa26af87c/go.mod h1:oPkhp1MJrh7nUepCBck5+mAzfO9JrbApNNgaTdGDITg=
golang.org/x/sys v0.0.0-20210927094055-39ccf1dd6fa6/go.mod h1:oPkhp1MJrh7nUepCBck5+mAzfO9JrbApNNgaTdGDITg=
golang.org/x/sys v0.0.0-20211216021012-1d35b9e2eb4e h1:fLOSk5Q00efkSvAm+4xcoXD+RRmLmmulPn5I3Y9F2EM=
golang.org/x/sys v0.0.0-20211216021012-1d35b9e2eb4e/go.mod h1:oPkhp1MJrh7nUepCBck5+mAzfO9JrbApNNgaTdGDITg=
gopkg.in/check.v1 v0.0.0-20161208181325-20d25e280405/go.mod h1:Co6ibVJAznAaIkqp8huTwlJQCZ016jof/cbN4VW5Yz0=
gopkg.in/yaml.v3 v3.0.0-20200313102051-9f266ea9e77c/go.mod h1:K4uyk7z7BCEPqu6E+C64Yfv1cQ7kz7rIZviUmN+EgEM=
gopkg.in/yaml.v3 v3.0.0-20210107192922-496545a6307b h1:h8qDotaEPuJATrMmW04NCwg7v22aHH28wwpauUhK9Oo=
gopkg.in/yaml.v3 v3.0.0-20210107192922-496545a6307b/go.mod h1:K4uyk7z7BCEPqu6E+C64Yfv1cQ7kz7rIZviUmN+EgEM=
