github.com/alecthomas/kong v0.2.15 h1:HP3K1XuFn0wGSWFGVW67V+65tXw/Ht8FDYiLNAuX2Ug=
github.com/alecthomas/kong v0.2.15/go.mod h1:kQOmtJgV+Lb4aj+I2LEn40cbtawdWJ9Y8QLq+lElKxE=
github.com/davecgh/go-spew v1.1.1 h1:vj9j/u1bqnvCEfJOwUhtlOARqs3+rkHYY13jYWTU97c=
github.com/davecgh/go-spew v1.1.1/go.mod h1:J7Y8YcW2NihsgmVo/mv3lAwl/skON4iLHjSsI+c5H38=
github.com/fatih/color v1.10.0 h1:s36xzo75JdqLaaWoiEHk767eHiwo0598uUxyfiPkDsg=
github.com/fatih/color v1.10.0/go.mod h1:ELkj/draVOlAH/xkhN6mQ50Qd0MPOk5AAr3maGEBuJM=
github.com/mattn/go-colorable v0.1.8 h1:c1ghPdyEDarC70ftn0y+A/Ee++9zz8ljHG1b13eJ0s8=
github.com/mattn/go-colorable v0.1.8/go.mod h1:u6P/XSegPjTcexA+o6vUJrdnUu04hMope9wVRipJSqc=
github.com/mattn/go-isatty v0.0.12 h1:wuysRhFDzyxgEmMf5xjvJ2M9dZoWAXNNr5LSBS7uHXY=
github.com/mattn/go-isatty v0.0.12/go.mod h1:cbi8OIDigv2wuxKPP5vlRcQ1OAZbq2CE4Kysco4FUpU=
github.com/pelletier/go-toml v1.8.1 h1:1Nf83orprkJyknT6h7zbuEGUEjcyVlCxSUGTENmNCRM=
github.com/pelletier/go-toml v1.8.1/go.mod h1:T2/BmBdy8dvIRq1a/8aqjN41wvWlN4lrapLU/GW4pbc=
github.com/piot/raff-go v0.0.0-20210104204224-135e45dcf14d h1:aqr7rZds/fPHuSZaF/lIz9SXZYy9xWKhnxzHpAIIv/Q=
github.com/piot/raff-go v0.0.0-20210104204224-135e45dcf14d/go.mod h1:OGCWlHa0Htk9Th+hXwKCRmY5pH+I/HVANV/0dVMYLHI=
github.com/piot/raff-go v0.0.0-20210107105329-efd4e0e14756 h1:uEObVi2jn/7Ki+vzbqb20JF1C06W4v2x2jYb88IHec0=
github.com/piot/raff-go v0.0.0-20210107105329-efd4e0e14756/go.mod h1:OGCWlHa0Htk9Th+hXwKCRmY5pH+I/HVANV/0dVMYLHI=
github.com/pkg/errors v0.8.1 h1:iURUrRGxPUNPdy5/HRSm+Yj6okJ6UtLINN0Q9M4+h3I=
github.com/pkg/errors v0.8.1/go.mod h1:bwawxfHBFNV+L2hUp1rHADufV3IMtnDRdf1r5NINEl0=
github.com/pkg/errors v0.9.1 h1:FEBLx1zS214owpjy7qsBeixbURkuhQAwrK5UwLGTwt4=
github.com/pkg/errors v0.9.1/go.mod h1:bwawxfHBFNV+L2hUp1rHADufV3IMtnDRdf1r5NINEl0=
github.com/pmezard/go-difflib v1.0.0 h1:4DBwDE0NGyQoBHbLQYPwSUPoCMWR5BEzIk/f1lZbAQM=
github.com/pmezard/go-difflib v1.0.0/go.mod h1:iKH77koFhYxTK1pcRnkKkqfTogsbg7gZNVY4sRDYZ/4=
github.com/stretchr/testify v1.2.2 h1:bSDNvY7ZPG5RlJ8otE/7V6gMiyenm9RtJ7IUVIAoJ1w=
github.com/stretchr/testify v1.2.2/go.mod h1:a8OnRcib4nhh0OaRAV+Yts87kKdq0PP7pXfy6kDkUVs=
github.com/swamp/assembler v0.0.0-20210121235131-24dd2ee5d6d0 h1:KtoQQg6lXwr24YEnsY0TRkaz/zlnN5dODp9lTVkRuMA=
github.com/swamp/assembler v0.0.0-20210121235131-24dd2ee5d6d0/go.mod h1:5KJqxF16TNaKqx64pIb7Io3kP4Qn078GxvC3FMLdaOk=
github.com/swamp/disassembler v0.0.0-20210104195128-3b679a9bd815 h1:CpGkZlYDl5Qx/LkiuO2lt7cgqdWFDOSgvV/+IuSBA2k=
github.com/swamp/disassembler v0.0.0-20210104195128-3b679a9bd815/go.mod h1:PVIZ1PKc0LvN5+wL/TrJj89obcUiU6OkEfvFudu20pE=
github.com/swamp/opcodes v0.0.0-20210104104809-e35ed77cf8e2 h1:+PX6RzaPI7Hp4sRdwSzIJb9i7ghMCJb1FdM4+wfdJ70=
github.com/swamp/opcodes v0.0.0-20210104104809-e35ed77cf8e2/go.mod h1:DCUPUv3e90C9rwpMcgYASQwtprvSwzusvbnTk4IfDU4=
github.com/swamp/opcodes v0.0.0-20210209154538-a2247ae732a8 h1:F98kb92eNMHhOKI5xh8hyPhAR+S12o82lpu9VehL3gA=
github.com/swamp/opcodes v0.0.0-20210209154538-a2247ae732a8/go.mod h1:DCUPUv3e90C9rwpMcgYASQwtprvSwzusvbnTk4IfDU4=
github.com/swamp/pack v0.0.0-20210122130807-560a9bc9af01 h1:Y84RsrM1WvB63peb7NnaW6hedb4ZEj8RBJHbLZqZ6f8=
github.com/swamp/pack v0.0.0-20210122130807-560a9bc9af01/go.mod h1:wYBguB+Q5gfTgsB9sR6G3Du5A/Sf0gGb+lXe7CjhIJ8=
golang.org/x/sys v0.0.0-20200116001909-b77594299b42/go.mod h1:h1NjWce9XRLGQEsW7wpKNCjG9DtNlClVuFLEZdDNbEs=
golang.org/x/sys v0.0.0-20200223170610-d5e6a3e2c0ae h1:/WDfKMnPU+m5M4xB+6x4kaepxRw6jWvR5iDRdvjHgy8=
golang.org/x/sys v0.0.0-20200223170610-d5e6a3e2c0ae/go.mod h1:h1NjWce9XRLGQEsW7wpKNCjG9DtNlClVuFLEZdDNbEs=
golang.org/x/sys v0.0.0-20210124154548-22da62e12c0c h1:VwygUrnw9jn88c4u8GD3rZQbqrP/tgas88tPUbBxQrk=
golang.org/x/sys v0.0.0-20210124154548-22da62e12c0c/go.mod h1:h1NjWce9XRLGQEsW7wpKNCjG9DtNlClVuFLEZdDNbEs=
